{
  "name": "baseline",
  "lockfileVersion": 2,
  "requires": true,
  "packages": {
    "": {
      "dependencies": {
        "@veramo/did-resolver": "^1.1.0"
      }
    },
    "node_modules/@babel/runtime": {
      "version": "7.13.7",
      "resolved": "https://registry.npmjs.org/@babel/runtime/-/runtime-7.13.7.tgz",
      "integrity": "sha512-h+ilqoX998mRVM5FtB5ijRuHUDVt5l3yfoOi2uh18Z/O3hvyaHQ39NpxVkCIG5yFs+mLq/ewFp8Bss6zmWv6ZA==",
      "dependencies": {
        "regenerator-runtime": "^0.13.4"
      }
    },
    "node_modules/@multiformats/base-x": {
      "version": "4.0.1",
      "resolved": "https://registry.npmjs.org/@multiformats/base-x/-/base-x-4.0.1.tgz",
      "integrity": "sha512-eMk0b9ReBbV23xXU693TAIrLyeO5iTgBZGSJfpqriG8UkYvr/hC9u9pyMlAakDNHWmbhMZCDs6KQO0jzKD8OTw=="
    },
    "node_modules/@stablelib/aead": {
      "version": "1.0.0",
      "resolved": "https://registry.npmjs.org/@stablelib/aead/-/aead-1.0.0.tgz",
      "integrity": "sha512-2iO0P15w1onK8g/m6ygNqlMFBfC7BM8o1Zr7jRqMAF9+zhhyY3h4NZwnXKxUm11TBm62Yeesw+FKqs/gJ6shMA=="
    },
    "node_modules/@stablelib/binary": {
      "version": "1.0.0",
      "resolved": "https://registry.npmjs.org/@stablelib/binary/-/binary-1.0.0.tgz",
      "integrity": "sha512-W01QhOw1tWL51Du1c5JZphJs7toRbfra1C2DBlhT0mRHZWGWB1hpFbqiZUFY7QNIMUpmmHLrlZs3YsSCB/giUg==",
      "dependencies": {
        "@stablelib/int": "^1.0.0"
      }
    },
    "node_modules/@stablelib/bytes": {
      "version": "1.0.0",
      "resolved": "https://registry.npmjs.org/@stablelib/bytes/-/bytes-1.0.0.tgz",
      "integrity": "sha512-c9CfJwoZpxub6yicmhkeEpvLLsvsAP76tBAHEXKuEjPzza946U7bgebJJoMl8Q+ZlU2vy9ZoWCXE1uLpi817Pg=="
    },
    "node_modules/@stablelib/chacha": {
      "version": "1.0.0",
      "resolved": "https://registry.npmjs.org/@stablelib/chacha/-/chacha-1.0.0.tgz",
      "integrity": "sha512-tlp3ECXiU7APq6n1YQ2K4B7MUppAOUWsvN1JMs2OWnYVR2Km+AsSmgMjjtefG8vPZ+J8tfY3sufzh5zCg5xiSw==",
      "dependencies": {
        "@stablelib/binary": "^1.0.0",
        "@stablelib/wipe": "^1.0.0"
      }
    },
    "node_modules/@stablelib/chacha20poly1305": {
      "version": "1.0.0",
      "resolved": "https://registry.npmjs.org/@stablelib/chacha20poly1305/-/chacha20poly1305-1.0.0.tgz",
      "integrity": "sha512-sRv7T5nDRpwqerY9VZ3ABfzHukF/aa2njKvCHPvMpM3+WOYqU4JIP47MdvmrEj+NFHFP3hBx6XV5xpnV8IqMig==",
      "dependencies": {
        "@stablelib/aead": "^1.0.0",
        "@stablelib/binary": "^1.0.0",
        "@stablelib/chacha": "^1.0.0",
        "@stablelib/constant-time": "^1.0.0",
        "@stablelib/poly1305": "^1.0.0",
        "@stablelib/wipe": "^1.0.0"
      }
    },
    "node_modules/@stablelib/constant-time": {
      "version": "1.0.0",
      "resolved": "https://registry.npmjs.org/@stablelib/constant-time/-/constant-time-1.0.0.tgz",
      "integrity": "sha512-0lH6SB0wP562fa0yvNZMF2NbFr8QHeefhO1KOu2unW8qH1npdep7I1vGbPqEM+BHg6LqllPceVE8Ca0RwIDLDA=="
    },
    "node_modules/@stablelib/ed25519": {
      "version": "1.0.1",
      "resolved": "https://registry.npmjs.org/@stablelib/ed25519/-/ed25519-1.0.1.tgz",
      "integrity": "sha512-kvC98vkJeertRj37yqTcjOwUVYWQ0jcywxxWpeuTal5ZNgH7EcbljtQYECA2Pi2N0zNG0a0AjSD2Q2DFcUxRjQ==",
      "dependencies": {
        "@stablelib/random": "^1.0.0",
        "@stablelib/sha512": "^1.0.0",
        "@stablelib/wipe": "^1.0.0"
      }
    },
    "node_modules/@stablelib/hash": {
      "version": "1.0.0",
      "resolved": "https://registry.npmjs.org/@stablelib/hash/-/hash-1.0.0.tgz",
      "integrity": "sha512-wBvSIIx4Y8799BRD4TBhezS1P9+irGAKdsNgbZMeU5ndMbw7BtZALdCm0FcJIRFxJ2giPLPS9YCgrwWAhzSRLQ=="
    },
    "node_modules/@stablelib/int": {
      "version": "1.0.0",
      "resolved": "https://registry.npmjs.org/@stablelib/int/-/int-1.0.0.tgz",
      "integrity": "sha512-MRigEQCO7xM93nZqW4CbIBjhANGw3jJxGVSUZH3PQ6HWL1IGrFWVDBzIclWxl4l5aRRpqoM+76ellQNdUJPnsA=="
    },
    "node_modules/@stablelib/keyagreement": {
      "version": "1.0.0",
      "resolved": "https://registry.npmjs.org/@stablelib/keyagreement/-/keyagreement-1.0.0.tgz",
      "integrity": "sha512-M4f0QhuYGrMCLPoJIKWpC5riJfDivOFZHOAlj1Av44UJSyMzM46gJW0e9khKoTcbU8r8oXebkwlJT70Xm0+kqg==",
      "dependencies": {
        "@stablelib/bytes": "^1.0.0"
      }
    },
    "node_modules/@stablelib/poly1305": {
      "version": "1.0.0",
      "resolved": "https://registry.npmjs.org/@stablelib/poly1305/-/poly1305-1.0.0.tgz",
      "integrity": "sha512-8EOq8g3Naae+gGI/c/Tt1+xhbgDvkFwYx7QfTlps7SwA/IC6dhEZ+BzvU6O9FuVQ/l72yV7i3PSJ3LMOvTxS8g==",
      "dependencies": {
        "@stablelib/constant-time": "^1.0.0",
        "@stablelib/wipe": "^1.0.0"
      }
    },
    "node_modules/@stablelib/random": {
      "version": "1.0.0",
      "resolved": "https://registry.npmjs.org/@stablelib/random/-/random-1.0.0.tgz",
      "integrity": "sha512-G9vwwKrNCGMI/uHL6XeWe2Nk4BuxkYyWZagGaDU9wrsuV+9hUwNI1lok2WVo8uJDa2zx7ahNwN7Ij983hOUFEw==",
      "dependencies": {
        "@stablelib/binary": "^1.0.0",
        "@stablelib/wipe": "^1.0.0"
      }
    },
    "node_modules/@stablelib/sha256": {
      "version": "1.0.0",
      "resolved": "https://registry.npmjs.org/@stablelib/sha256/-/sha256-1.0.0.tgz",
      "integrity": "sha512-+IEzCXO6HSyYWV+5TqdFjcUYgkebdiadzRtMXJg6ia68WQm2xHpABl5t0vVdtvgTlw7matBRhImunAHUFIAEUg==",
      "dependencies": {
        "@stablelib/binary": "^1.0.0",
        "@stablelib/hash": "^1.0.0",
        "@stablelib/wipe": "^1.0.0"
      }
    },
    "node_modules/@stablelib/sha512": {
      "version": "1.0.0",
      "resolved": "https://registry.npmjs.org/@stablelib/sha512/-/sha512-1.0.0.tgz",
      "integrity": "sha512-qvUu5SraAdGa8HAkAasfMyD9C+MwlRnFVRJ6cRxAEIekmDsU3tfGLnUm3wb9ao4t0FkihGrj8GKlV82TTR4Phw==",
      "dependencies": {
        "@stablelib/binary": "^1.0.0",
        "@stablelib/hash": "^1.0.0",
        "@stablelib/wipe": "^1.0.0"
      }
    },
    "node_modules/@stablelib/wipe": {
      "version": "1.0.0",
      "resolved": "https://registry.npmjs.org/@stablelib/wipe/-/wipe-1.0.0.tgz",
      "integrity": "sha512-0Fd4MQCbEh8OFSO+gG7wBXok7yRC3w+xe/wWM8KNye7EGoHr4BTFZNWV/1xAn2r8/gyFKxPXT8uxXRzDzGq6rg=="
    },
    "node_modules/@stablelib/x25519": {
      "version": "1.0.0",
      "resolved": "https://registry.npmjs.org/@stablelib/x25519/-/x25519-1.0.0.tgz",
      "integrity": "sha512-sjlOzC8eZJhHTuMZnSTxtawYXbFXZtHm6TbhacvoYmJOG9/3cFX5z1Aw0WZfQvPNSk+8aPrpwuyRMmUO1PW8yw==",
      "dependencies": {
        "@stablelib/keyagreement": "^1.0.0",
        "@stablelib/random": "^1.0.0",
        "@stablelib/wipe": "^1.0.0"
      }
    },
    "node_modules/@stablelib/xchacha20": {
      "version": "1.0.0",
      "resolved": "https://registry.npmjs.org/@stablelib/xchacha20/-/xchacha20-1.0.0.tgz",
      "integrity": "sha512-8q98HxPCgVUGMnjMl79KhEtWsh0UQbTt5x1570QnynF3uzzsGgP7exXwkyqi7s85SdvdO8EKEezDMjuzqv69Yw==",
      "dependencies": {
        "@stablelib/binary": "^1.0.0",
        "@stablelib/chacha": "^1.0.0",
        "@stablelib/wipe": "^1.0.0"
      }
    },
    "node_modules/@stablelib/xchacha20poly1305": {
      "version": "1.0.0",
      "resolved": "https://registry.npmjs.org/@stablelib/xchacha20poly1305/-/xchacha20poly1305-1.0.0.tgz",
      "integrity": "sha512-rVcKmgEeMK8kInx2bvvBXLL/wMKrqeA6luWiZYRQj1QMnZnq3ReZd1szZdz2QWFQOlp7rXsZp+EaM4FqNlfZSw==",
      "dependencies": {
        "@stablelib/aead": "^1.0.0",
        "@stablelib/chacha20poly1305": "^1.0.0",
        "@stablelib/constant-time": "^1.0.0",
        "@stablelib/wipe": "^1.0.0",
        "@stablelib/xchacha20": "^1.0.0"
      }
    },
    "node_modules/@veramo/core": {
      "version": "1.1.0",
      "resolved": "https://registry.npmjs.org/@veramo/core/-/core-1.1.0.tgz",
      "integrity": "sha512-iFxEIydA9mUp9i+5n/1UfCu7uSAlShYgUeboyGCoUlEPKs/6EOEYs5dFICsa46T82PC0rhGukAu5bJbsZ7qvqw==",
      "dependencies": {
        "debug": "^4.1.1",
        "did-jwt-vc": "^1.0.3",
        "events": "^3.0.0",
        "z-schema": "^5.0.0"
      }
    },
    "node_modules/@veramo/did-resolver": {
      "version": "1.1.0",
      "resolved": "https://registry.npmjs.org/@veramo/did-resolver/-/did-resolver-1.1.0.tgz",
      "integrity": "sha512-V+GEIhsKQl4lIQ+BAO1XCoPWI/Nsm+gxaZnU7Al5V8Q1s9A372ibQpDb5kQ4bZPrQIn/zTLqegDTdvlTONTBRQ==",
      "dependencies": {
        "@veramo/core": "^1.1.0",
        "cross-fetch": "^3.0.6",
        "debug": "^4.1.1"
      }
    },
    "node_modules/@zxing/text-encoding": {
      "version": "0.9.0",
      "resolved": "https://registry.npmjs.org/@zxing/text-encoding/-/text-encoding-0.9.0.tgz",
      "integrity": "sha512-U/4aVJ2mxI0aDNI8Uq0wEhMgY+u4CNtEb0om3+y3+niDAsoTCOB33UF0sxpzqzdqXLqmvc+vZyAt4O8pPdfkwA==",
      "optional": true
    },
    "node_modules/bn.js": {
      "version": "4.12.0",
      "resolved": "https://registry.npmjs.org/bn.js/-/bn.js-4.12.0.tgz",
      "integrity": "sha512-c98Bf3tPniI+scsdk237ku1Dc3ujXQTSgyiPUDEOe7tRkhrqridvh8klBv0HCEso1OLOYcHuCv/cS6DNxKH+ZA=="
    },
    "node_modules/brorand": {
      "version": "1.1.0",
      "resolved": "https://registry.npmjs.org/brorand/-/brorand-1.1.0.tgz",
      "integrity": "sha1-EsJe/kCkXjwyPrhnWgoM5XsiNx8="
    },
    "node_modules/commander": {
      "version": "2.20.3",
      "resolved": "https://registry.npmjs.org/commander/-/commander-2.20.3.tgz",
      "integrity": "sha512-GpVkmM8vF2vQUkj2LvZmD35JxeJOLCwJ9cUkugyk2nuhbv3+mJvpLYYt+0+USMxE+oj+ey/lJEnhZw75x/OMcQ==",
      "optional": true
    },
    "node_modules/cross-fetch": {
      "version": "3.0.6",
      "resolved": "https://registry.npmjs.org/cross-fetch/-/cross-fetch-3.0.6.tgz",
      "integrity": "sha512-KBPUbqgFjzWlVcURG+Svp9TlhA5uliYtiNx/0r8nv0pdypeQCRJ9IaSIc3q/x3q8t3F75cHuwxVql1HFGHCNJQ==",
      "dependencies": {
        "node-fetch": "2.6.1"
      }
    },
    "node_modules/debug": {
      "version": "4.3.1",
      "resolved": "https://registry.npmjs.org/debug/-/debug-4.3.1.tgz",
      "integrity": "sha512-doEwdvm4PCeK4K3RQN2ZC2BYUBaxwLARCqZmMjtF8a51J2Rb0xpVloFRnCODwqjpwnAoao4pelN8l3RJdv3gRQ==",
      "dependencies": {
        "ms": "2.1.2"
      },
      "engines": {
        "node": ">=6.0"
      },
      "peerDependenciesMeta": {
        "supports-color": {
          "optional": true
        }
      }
    },
    "node_modules/did-jwt": {
      "version": "4.9.0",
      "resolved": "https://registry.npmjs.org/did-jwt/-/did-jwt-4.9.0.tgz",
      "integrity": "sha512-WoImHCycUiUd5Bft/GWg/aI+3mpk/M/PY9XZYr1o+XEPj4yNJFGO/op26KV5ZVmL3xnPWG7YnnMZeo3+JoEVXw==",
      "dependencies": {
        "@babel/runtime": "^7.11.2",
        "@stablelib/ed25519": "^1.0.1",
        "@stablelib/random": "^1.0.0",
        "@stablelib/sha256": "^1.0.0",
        "@stablelib/x25519": "^1.0.0",
        "@stablelib/xchacha20poly1305": "^1.0.0",
        "did-resolver": "^2.1.2",
        "elliptic": "^6.5.3",
        "js-sha3": "^0.8.0",
        "uint8arrays": "^2.0.0"
      }
    },
    "node_modules/did-jwt-vc": {
      "version": "1.0.7",
      "resolved": "https://registry.npmjs.org/did-jwt-vc/-/did-jwt-vc-1.0.7.tgz",
      "integrity": "sha512-ZQypMpR3TovdEc67SEOvhb0h3lnMRgm7PagNVnEO0FiPb4qVC1hMkX/qQd6SQqx8sW5GjYRm3xTWYMXaWDpgwQ==",
      "dependencies": {
        "did-jwt": "^4.8.1"
      }
    },
    "node_modules/did-resolver": {
      "version": "2.1.2",
      "resolved": "https://registry.npmjs.org/did-resolver/-/did-resolver-2.1.2.tgz",
      "integrity": "sha512-n4YGS1CzbX48U/ChLRY3SdgiV5N3B/+yh0ToS5t+Sx4QjhVZN6ZyijUSSYbFGvz+I4qImeSZOdo6RX8JaieN7A=="
    },
    "node_modules/elliptic": {
      "version": "6.5.4",
      "resolved": "https://registry.npmjs.org/elliptic/-/elliptic-6.5.4.tgz",
      "integrity": "sha512-iLhC6ULemrljPZb+QutR5TQGB+pdW6KGD5RSegS+8sorOZT+rdQFbsQFJgvN3eRqNALqJer4oQ16YvJHlU8hzQ==",
      "dependencies": {
        "bn.js": "^4.11.9",
        "brorand": "^1.1.0",
        "hash.js": "^1.0.0",
        "hmac-drbg": "^1.0.1",
        "inherits": "^2.0.4",
        "minimalistic-assert": "^1.0.1",
        "minimalistic-crypto-utils": "^1.0.1"
      }
    },
    "node_modules/events": {
      "version": "3.2.0",
      "resolved": "https://registry.npmjs.org/events/-/events-3.2.0.tgz",
      "integrity": "sha512-/46HWwbfCX2xTawVfkKLGxMifJYQBWMwY1mjywRtb4c9x8l5NP3KoJtnIOiL1hfdRkIuYhETxQlo62IF8tcnlg==",
      "engines": {
        "node": ">=0.8.x"
      }
    },
    "node_modules/hash.js": {
      "version": "1.1.7",
      "resolved": "https://registry.npmjs.org/hash.js/-/hash.js-1.1.7.tgz",
      "integrity": "sha512-taOaskGt4z4SOANNseOviYDvjEJinIkRgmp7LbKP2YTTmVxWBl87s/uzK9r+44BclBSp2X7K1hqeNfz9JbBeXA==",
      "dependencies": {
        "inherits": "^2.0.3",
        "minimalistic-assert": "^1.0.1"
      }
    },
    "node_modules/hmac-drbg": {
      "version": "1.0.1",
      "resolved": "https://registry.npmjs.org/hmac-drbg/-/hmac-drbg-1.0.1.tgz",
      "integrity": "sha1-0nRXAQJabHdabFRXk+1QL8DGSaE=",
      "dependencies": {
        "hash.js": "^1.0.3",
        "minimalistic-assert": "^1.0.0",
        "minimalistic-crypto-utils": "^1.0.1"
      }
    },
    "node_modules/inherits": {
      "version": "2.0.4",
      "resolved": "https://registry.npmjs.org/inherits/-/inherits-2.0.4.tgz",
      "integrity": "sha512-k/vGaX4/Yla3WzyMCvTQOXYeIHvqOKtnqBduzTHpzpQZzAskKMhZ2K+EnBiSM9zGSoIFeMpXKxa4dYeZIQqewQ=="
    },
    "node_modules/js-sha3": {
      "version": "0.8.0",
      "resolved": "https://registry.npmjs.org/js-sha3/-/js-sha3-0.8.0.tgz",
      "integrity": "sha512-gF1cRrHhIzNfToc802P800N8PpXS+evLLXfsVpowqmAFR9uwbi89WvXg2QspOmXL8QL86J4T1EpFu+yUkwJY3Q=="
    },
    "node_modules/lodash.get": {
      "version": "4.4.2",
      "resolved": "https://registry.npmjs.org/lodash.get/-/lodash.get-4.4.2.tgz",
      "integrity": "sha1-LRd/ZS+jHpObRDjVNBSZ36OCXpk="
    },
    "node_modules/lodash.isequal": {
      "version": "4.5.0",
      "resolved": "https://registry.npmjs.org/lodash.isequal/-/lodash.isequal-4.5.0.tgz",
      "integrity": "sha1-QVxEePK8wwEgwizhDtMib30+GOA="
    },
    "node_modules/minimalistic-assert": {
      "version": "1.0.1",
      "resolved": "https://registry.npmjs.org/minimalistic-assert/-/minimalistic-assert-1.0.1.tgz",
      "integrity": "sha512-UtJcAD4yEaGtjPezWuO9wC4nwUnVH/8/Im3yEHQP4b67cXlD/Qr9hdITCU1xDbSEXg2XKNaP8jsReV7vQd00/A=="
    },
    "node_modules/minimalistic-crypto-utils": {
      "version": "1.0.1",
      "resolved": "https://registry.npmjs.org/minimalistic-crypto-utils/-/minimalistic-crypto-utils-1.0.1.tgz",
      "integrity": "sha1-9sAMHAsIIkblxNmd+4x8CDsrWCo="
    },
    "node_modules/ms": {
      "version": "2.1.2",
      "resolved": "https://registry.npmjs.org/ms/-/ms-2.1.2.tgz",
      "integrity": "sha512-sGkPx+VjMtmA6MX27oA4FBFELFCZZ4S4XqeGOXCv68tT+jb3vk/RyaKWP0PTKyWtmLSM0b+adUTEvbs1PEaH2w=="
    },
    "node_modules/multibase": {
      "version": "3.1.1",
      "resolved": "https://registry.npmjs.org/multibase/-/multibase-3.1.1.tgz",
      "integrity": "sha512-kkSd8jWGznDNEC2eDwtnvSGlZeTeEt0+oHieNWUhv8rIi8JU3voIUo02HpJBNOtgmtxT2CPwkElub7Y9kz3nrw==",
      "dependencies": {
        "@multiformats/base-x": "^4.0.1",
        "web-encoding": "^1.0.6"
      },
      "engines": {
        "node": ">=10.0.0",
        "npm": ">=6.0.0"
      }
    },
    "node_modules/node-fetch": {
      "version": "2.6.1",
      "resolved": "https://registry.npmjs.org/node-fetch/-/node-fetch-2.6.1.tgz",
      "integrity": "sha512-V4aYg89jEoVRxRb2fJdAg8FHvI7cEyYdVAh94HH0UIK8oJxUfkjlDQN9RbMx+bEjP7+ggMiFRprSti032Oipxw==",
      "engines": {
        "node": "4.x || >=6.0.0"
      }
    },
    "node_modules/regenerator-runtime": {
      "version": "0.13.7",
      "resolved": "https://registry.npmjs.org/regenerator-runtime/-/regenerator-runtime-0.13.7.tgz",
      "integrity": "sha512-a54FxoJDIr27pgf7IgeQGxmqUNYrcV338lf/6gH456HZ/PhX+5BcwHXG9ajESmwe6WRO0tAzRUrRmNONWgkrew=="
    },
    "node_modules/uint8arrays": {
      "version": "2.1.2",
      "resolved": "https://registry.npmjs.org/uint8arrays/-/uint8arrays-2.1.2.tgz",
      "integrity": "sha512-/VcLZbPMs/dk23u22IZlPWycfBxntpwrvISHQs93/OdRlUTnQw9Uzmzaoq7DgJAZl1SlP/kw+NhbjFAEED42rQ==",
      "dependencies": {
        "multibase": "^3.0.0",
        "web-encoding": "^1.0.5"
      }
    },
    "node_modules/validator": {
      "version": "12.2.0",
      "resolved": "https://registry.npmjs.org/validator/-/validator-12.2.0.tgz",
      "integrity": "sha512-jJfE/DW6tIK1Ek8nCfNFqt8Wb3nzMoAbocBF6/Icgg1ZFSBpObdnwVY2jQj6qUqzhx5jc71fpvBWyLGO7Xl+nQ==",
      "engines": {
        "node": ">= 0.10"
      }
    },
    "node_modules/web-encoding": {
      "version": "1.1.0",
      "resolved": "https://registry.npmjs.org/web-encoding/-/web-encoding-1.1.0.tgz",
      "integrity": "sha512-KzYonGdJnZB3qvhK8hKca5qXk/wp+hgwGNTY1TnqtF2CzDzpN8szOC3ejhX9+wbhCq3vQs/TjM8BykS1kor0lQ==",
      "dependencies": {
        "@zxing/text-encoding": "0.9.0"
      },
      "optionalDependencies": {
        "@zxing/text-encoding": "0.9.0"
      }
    },
    "node_modules/z-schema": {
      "version": "5.0.0",
      "resolved": "https://registry.npmjs.org/z-schema/-/z-schema-5.0.0.tgz",
      "integrity": "sha512-58TxNEurHQEEgbrNbQnoUHXgh6tiplSvKb7D3o4K6KzICQk9vFyl8B0zycC/p3gW92qBZCmq5NJIhJODKrV7JQ==",
      "dependencies": {
        "commander": "^2.7.1",
        "lodash.get": "^4.4.2",
        "lodash.isequal": "^4.5.0",
        "validator": "^12.0.0"
      },
      "bin": {
        "z-schema": "bin/z-schema"
      },
      "engines": {
        "node": ">=8.0.0"
      },
      "optionalDependencies": {
        "commander": "^2.7.1"
      }
    }
  },
  "dependencies": {
    "@babel/runtime": {
      "version": "7.13.7",
      "resolved": "https://registry.npmjs.org/@babel/runtime/-/runtime-7.13.7.tgz",
      "integrity": "sha512-h+ilqoX998mRVM5FtB5ijRuHUDVt5l3yfoOi2uh18Z/O3hvyaHQ39NpxVkCIG5yFs+mLq/ewFp8Bss6zmWv6ZA==",
      "requires": {
        "regenerator-runtime": "^0.13.4"
      }
    },
    "@multiformats/base-x": {
      "version": "4.0.1",
      "resolved": "https://registry.npmjs.org/@multiformats/base-x/-/base-x-4.0.1.tgz",
      "integrity": "sha512-eMk0b9ReBbV23xXU693TAIrLyeO5iTgBZGSJfpqriG8UkYvr/hC9u9pyMlAakDNHWmbhMZCDs6KQO0jzKD8OTw=="
    },
    "@stablelib/aead": {
      "version": "1.0.0",
      "resolved": "https://registry.npmjs.org/@stablelib/aead/-/aead-1.0.0.tgz",
      "integrity": "sha512-2iO0P15w1onK8g/m6ygNqlMFBfC7BM8o1Zr7jRqMAF9+zhhyY3h4NZwnXKxUm11TBm62Yeesw+FKqs/gJ6shMA=="
    },
    "@stablelib/binary": {
      "version": "1.0.0",
      "resolved": "https://registry.npmjs.org/@stablelib/binary/-/binary-1.0.0.tgz",
      "integrity": "sha512-W01QhOw1tWL51Du1c5JZphJs7toRbfra1C2DBlhT0mRHZWGWB1hpFbqiZUFY7QNIMUpmmHLrlZs3YsSCB/giUg==",
      "requires": {
        "@stablelib/int": "^1.0.0"
      }
    },
    "@stablelib/bytes": {
      "version": "1.0.0",
      "resolved": "https://registry.npmjs.org/@stablelib/bytes/-/bytes-1.0.0.tgz",
      "integrity": "sha512-c9CfJwoZpxub6yicmhkeEpvLLsvsAP76tBAHEXKuEjPzza946U7bgebJJoMl8Q+ZlU2vy9ZoWCXE1uLpi817Pg=="
    },
    "@stablelib/chacha": {
      "version": "1.0.0",
      "resolved": "https://registry.npmjs.org/@stablelib/chacha/-/chacha-1.0.0.tgz",
      "integrity": "sha512-tlp3ECXiU7APq6n1YQ2K4B7MUppAOUWsvN1JMs2OWnYVR2Km+AsSmgMjjtefG8vPZ+J8tfY3sufzh5zCg5xiSw==",
      "requires": {
        "@stablelib/binary": "^1.0.0",
        "@stablelib/wipe": "^1.0.0"
      }
    },
    "@stablelib/chacha20poly1305": {
      "version": "1.0.0",
      "resolved": "https://registry.npmjs.org/@stablelib/chacha20poly1305/-/chacha20poly1305-1.0.0.tgz",
      "integrity": "sha512-sRv7T5nDRpwqerY9VZ3ABfzHukF/aa2njKvCHPvMpM3+WOYqU4JIP47MdvmrEj+NFHFP3hBx6XV5xpnV8IqMig==",
      "requires": {
        "@stablelib/aead": "^1.0.0",
        "@stablelib/binary": "^1.0.0",
        "@stablelib/chacha": "^1.0.0",
        "@stablelib/constant-time": "^1.0.0",
        "@stablelib/poly1305": "^1.0.0",
        "@stablelib/wipe": "^1.0.0"
      }
    },
    "@stablelib/constant-time": {
      "version": "1.0.0",
      "resolved": "https://registry.npmjs.org/@stablelib/constant-time/-/constant-time-1.0.0.tgz",
      "integrity": "sha512-0lH6SB0wP562fa0yvNZMF2NbFr8QHeefhO1KOu2unW8qH1npdep7I1vGbPqEM+BHg6LqllPceVE8Ca0RwIDLDA=="
    },
    "@stablelib/ed25519": {
      "version": "1.0.1",
      "resolved": "https://registry.npmjs.org/@stablelib/ed25519/-/ed25519-1.0.1.tgz",
      "integrity": "sha512-kvC98vkJeertRj37yqTcjOwUVYWQ0jcywxxWpeuTal5ZNgH7EcbljtQYECA2Pi2N0zNG0a0AjSD2Q2DFcUxRjQ==",
      "requires": {
        "@stablelib/random": "^1.0.0",
        "@stablelib/sha512": "^1.0.0",
        "@stablelib/wipe": "^1.0.0"
      }
    },
    "@stablelib/hash": {
      "version": "1.0.0",
      "resolved": "https://registry.npmjs.org/@stablelib/hash/-/hash-1.0.0.tgz",
      "integrity": "sha512-wBvSIIx4Y8799BRD4TBhezS1P9+irGAKdsNgbZMeU5ndMbw7BtZALdCm0FcJIRFxJ2giPLPS9YCgrwWAhzSRLQ=="
    },
    "@stablelib/int": {
      "version": "1.0.0",
      "resolved": "https://registry.npmjs.org/@stablelib/int/-/int-1.0.0.tgz",
      "integrity": "sha512-MRigEQCO7xM93nZqW4CbIBjhANGw3jJxGVSUZH3PQ6HWL1IGrFWVDBzIclWxl4l5aRRpqoM+76ellQNdUJPnsA=="
    },
    "@stablelib/keyagreement": {
      "version": "1.0.0",
      "resolved": "https://registry.npmjs.org/@stablelib/keyagreement/-/keyagreement-1.0.0.tgz",
      "integrity": "sha512-M4f0QhuYGrMCLPoJIKWpC5riJfDivOFZHOAlj1Av44UJSyMzM46gJW0e9khKoTcbU8r8oXebkwlJT70Xm0+kqg==",
      "requires": {
        "@stablelib/bytes": "^1.0.0"
      }
    },
    "@stablelib/poly1305": {
      "version": "1.0.0",
      "resolved": "https://registry.npmjs.org/@stablelib/poly1305/-/poly1305-1.0.0.tgz",
      "integrity": "sha512-8EOq8g3Naae+gGI/c/Tt1+xhbgDvkFwYx7QfTlps7SwA/IC6dhEZ+BzvU6O9FuVQ/l72yV7i3PSJ3LMOvTxS8g==",
      "requires": {
        "@stablelib/constant-time": "^1.0.0",
        "@stablelib/wipe": "^1.0.0"
      }
    },
    "@stablelib/random": {
      "version": "1.0.0",
      "resolved": "https://registry.npmjs.org/@stablelib/random/-/random-1.0.0.tgz",
      "integrity": "sha512-G9vwwKrNCGMI/uHL6XeWe2Nk4BuxkYyWZagGaDU9wrsuV+9hUwNI1lok2WVo8uJDa2zx7ahNwN7Ij983hOUFEw==",
      "requires": {
        "@stablelib/binary": "^1.0.0",
        "@stablelib/wipe": "^1.0.0"
      }
    },
    "@stablelib/sha256": {
      "version": "1.0.0",
      "resolved": "https://registry.npmjs.org/@stablelib/sha256/-/sha256-1.0.0.tgz",
      "integrity": "sha512-+IEzCXO6HSyYWV+5TqdFjcUYgkebdiadzRtMXJg6ia68WQm2xHpABl5t0vVdtvgTlw7matBRhImunAHUFIAEUg==",
      "requires": {
        "@stablelib/binary": "^1.0.0",
        "@stablelib/hash": "^1.0.0",
        "@stablelib/wipe": "^1.0.0"
      }
    },
    "@stablelib/sha512": {
      "version": "1.0.0",
      "resolved": "https://registry.npmjs.org/@stablelib/sha512/-/sha512-1.0.0.tgz",
      "integrity": "sha512-qvUu5SraAdGa8HAkAasfMyD9C+MwlRnFVRJ6cRxAEIekmDsU3tfGLnUm3wb9ao4t0FkihGrj8GKlV82TTR4Phw==",
      "requires": {
        "@stablelib/binary": "^1.0.0",
        "@stablelib/hash": "^1.0.0",
        "@stablelib/wipe": "^1.0.0"
      }
    },
    "@stablelib/wipe": {
      "version": "1.0.0",
      "resolved": "https://registry.npmjs.org/@stablelib/wipe/-/wipe-1.0.0.tgz",
      "integrity": "sha512-0Fd4MQCbEh8OFSO+gG7wBXok7yRC3w+xe/wWM8KNye7EGoHr4BTFZNWV/1xAn2r8/gyFKxPXT8uxXRzDzGq6rg=="
    },
    "@stablelib/x25519": {
      "version": "1.0.0",
      "resolved": "https://registry.npmjs.org/@stablelib/x25519/-/x25519-1.0.0.tgz",
      "integrity": "sha512-sjlOzC8eZJhHTuMZnSTxtawYXbFXZtHm6TbhacvoYmJOG9/3cFX5z1Aw0WZfQvPNSk+8aPrpwuyRMmUO1PW8yw==",
      "requires": {
        "@stablelib/keyagreement": "^1.0.0",
        "@stablelib/random": "^1.0.0",
        "@stablelib/wipe": "^1.0.0"
      }
    },
    "@stablelib/xchacha20": {
      "version": "1.0.0",
      "resolved": "https://registry.npmjs.org/@stablelib/xchacha20/-/xchacha20-1.0.0.tgz",
      "integrity": "sha512-8q98HxPCgVUGMnjMl79KhEtWsh0UQbTt5x1570QnynF3uzzsGgP7exXwkyqi7s85SdvdO8EKEezDMjuzqv69Yw==",
      "requires": {
        "@stablelib/binary": "^1.0.0",
        "@stablelib/chacha": "^1.0.0",
        "@stablelib/wipe": "^1.0.0"
      }
    },
    "@stablelib/xchacha20poly1305": {
      "version": "1.0.0",
      "resolved": "https://registry.npmjs.org/@stablelib/xchacha20poly1305/-/xchacha20poly1305-1.0.0.tgz",
      "integrity": "sha512-rVcKmgEeMK8kInx2bvvBXLL/wMKrqeA6luWiZYRQj1QMnZnq3ReZd1szZdz2QWFQOlp7rXsZp+EaM4FqNlfZSw==",
      "requires": {
        "@stablelib/aead": "^1.0.0",
        "@stablelib/chacha20poly1305": "^1.0.0",
        "@stablelib/constant-time": "^1.0.0",
        "@stablelib/wipe": "^1.0.0",
        "@stablelib/xchacha20": "^1.0.0"
      }
    },
    "@veramo/core": {
      "version": "1.1.0",
      "resolved": "https://registry.npmjs.org/@veramo/core/-/core-1.1.0.tgz",
      "integrity": "sha512-iFxEIydA9mUp9i+5n/1UfCu7uSAlShYgUeboyGCoUlEPKs/6EOEYs5dFICsa46T82PC0rhGukAu5bJbsZ7qvqw==",
      "requires": {
        "debug": "^4.1.1",
        "did-jwt-vc": "^1.0.3",
        "events": "^3.0.0",
        "z-schema": "^5.0.0"
      }
    },
    "@veramo/did-resolver": {
      "version": "1.1.0",
      "resolved": "https://registry.npmjs.org/@veramo/did-resolver/-/did-resolver-1.1.0.tgz",
      "integrity": "sha512-V+GEIhsKQl4lIQ+BAO1XCoPWI/Nsm+gxaZnU7Al5V8Q1s9A372ibQpDb5kQ4bZPrQIn/zTLqegDTdvlTONTBRQ==",
      "requires": {
        "@veramo/core": "^1.1.0",
        "cross-fetch": "^3.0.6",
        "debug": "^4.1.1"
      }
    },
    "@zxing/text-encoding": {
      "version": "0.9.0",
      "resolved": "https://registry.npmjs.org/@zxing/text-encoding/-/text-encoding-0.9.0.tgz",
      "integrity": "sha512-U/4aVJ2mxI0aDNI8Uq0wEhMgY+u4CNtEb0om3+y3+niDAsoTCOB33UF0sxpzqzdqXLqmvc+vZyAt4O8pPdfkwA==",
      "optional": true
    },
    "bn.js": {
      "version": "4.12.0",
      "resolved": "https://registry.npmjs.org/bn.js/-/bn.js-4.12.0.tgz",
      "integrity": "sha512-c98Bf3tPniI+scsdk237ku1Dc3ujXQTSgyiPUDEOe7tRkhrqridvh8klBv0HCEso1OLOYcHuCv/cS6DNxKH+ZA=="
    },
    "brorand": {
      "version": "1.1.0",
      "resolved": "https://registry.npmjs.org/brorand/-/brorand-1.1.0.tgz",
      "integrity": "sha1-EsJe/kCkXjwyPrhnWgoM5XsiNx8="
    },
    "commander": {
      "version": "2.20.3",
      "resolved": "https://registry.npmjs.org/commander/-/commander-2.20.3.tgz",
      "integrity": "sha512-GpVkmM8vF2vQUkj2LvZmD35JxeJOLCwJ9cUkugyk2nuhbv3+mJvpLYYt+0+USMxE+oj+ey/lJEnhZw75x/OMcQ==",
      "optional": true
    },
    "cross-fetch": {
      "version": "3.0.6",
      "resolved": "https://registry.npmjs.org/cross-fetch/-/cross-fetch-3.0.6.tgz",
      "integrity": "sha512-KBPUbqgFjzWlVcURG+Svp9TlhA5uliYtiNx/0r8nv0pdypeQCRJ9IaSIc3q/x3q8t3F75cHuwxVql1HFGHCNJQ==",
      "requires": {
        "node-fetch": "2.6.1"
      }
    },
    "debug": {
      "version": "4.3.1",
      "resolved": "https://registry.npmjs.org/debug/-/debug-4.3.1.tgz",
      "integrity": "sha512-doEwdvm4PCeK4K3RQN2ZC2BYUBaxwLARCqZmMjtF8a51J2Rb0xpVloFRnCODwqjpwnAoao4pelN8l3RJdv3gRQ==",
      "requires": {
        "ms": "2.1.2"
      }
    },
    "did-jwt": {
      "version": "4.9.0",
      "resolved": "https://registry.npmjs.org/did-jwt/-/did-jwt-4.9.0.tgz",
      "integrity": "sha512-WoImHCycUiUd5Bft/GWg/aI+3mpk/M/PY9XZYr1o+XEPj4yNJFGO/op26KV5ZVmL3xnPWG7YnnMZeo3+JoEVXw==",
      "requires": {
        "@babel/runtime": "^7.11.2",
        "@stablelib/ed25519": "^1.0.1",
        "@stablelib/random": "^1.0.0",
        "@stablelib/sha256": "^1.0.0",
        "@stablelib/x25519": "^1.0.0",
        "@stablelib/xchacha20poly1305": "^1.0.0",
        "did-resolver": "^2.1.2",
        "elliptic": "^6.5.3",
        "js-sha3": "^0.8.0",
        "uint8arrays": "^2.0.0"
      }
    },
    "did-jwt-vc": {
      "version": "1.0.7",
      "resolved": "https://registry.npmjs.org/did-jwt-vc/-/did-jwt-vc-1.0.7.tgz",
      "integrity": "sha512-ZQypMpR3TovdEc67SEOvhb0h3lnMRgm7PagNVnEO0FiPb4qVC1hMkX/qQd6SQqx8sW5GjYRm3xTWYMXaWDpgwQ==",
      "requires": {
        "did-jwt": "^4.8.1"
      }
    },
    "did-resolver": {
      "version": "2.1.2",
      "resolved": "https://registry.npmjs.org/did-resolver/-/did-resolver-2.1.2.tgz",
      "integrity": "sha512-n4YGS1CzbX48U/ChLRY3SdgiV5N3B/+yh0ToS5t+Sx4QjhVZN6ZyijUSSYbFGvz+I4qImeSZOdo6RX8JaieN7A=="
    },
    "elliptic": {
      "version": "6.5.4",
      "resolved": "https://registry.npmjs.org/elliptic/-/elliptic-6.5.4.tgz",
      "integrity": "sha512-iLhC6ULemrljPZb+QutR5TQGB+pdW6KGD5RSegS+8sorOZT+rdQFbsQFJgvN3eRqNALqJer4oQ16YvJHlU8hzQ==",
      "requires": {
        "bn.js": "^4.11.9",
        "brorand": "^1.1.0",
        "hash.js": "^1.0.0",
        "hmac-drbg": "^1.0.1",
        "inherits": "^2.0.4",
        "minimalistic-assert": "^1.0.1",
        "minimalistic-crypto-utils": "^1.0.1"
      }
    },
    "events": {
      "version": "3.2.0",
      "resolved": "https://registry.npmjs.org/events/-/events-3.2.0.tgz",
      "integrity": "sha512-/46HWwbfCX2xTawVfkKLGxMifJYQBWMwY1mjywRtb4c9x8l5NP3KoJtnIOiL1hfdRkIuYhETxQlo62IF8tcnlg=="
    },
    "hash.js": {
      "version": "1.1.7",
      "resolved": "https://registry.npmjs.org/hash.js/-/hash.js-1.1.7.tgz",
      "integrity": "sha512-taOaskGt4z4SOANNseOviYDvjEJinIkRgmp7LbKP2YTTmVxWBl87s/uzK9r+44BclBSp2X7K1hqeNfz9JbBeXA==",
      "requires": {
        "inherits": "^2.0.3",
        "minimalistic-assert": "^1.0.1"
      }
    },
    "hmac-drbg": {
      "version": "1.0.1",
      "resolved": "https://registry.npmjs.org/hmac-drbg/-/hmac-drbg-1.0.1.tgz",
      "integrity": "sha1-0nRXAQJabHdabFRXk+1QL8DGSaE=",
      "requires": {
        "hash.js": "^1.0.3",
        "minimalistic-assert": "^1.0.0",
        "minimalistic-crypto-utils": "^1.0.1"
      }
    },
    "inherits": {
      "version": "2.0.4",
      "resolved": "https://registry.npmjs.org/inherits/-/inherits-2.0.4.tgz",
      "integrity": "sha512-k/vGaX4/Yla3WzyMCvTQOXYeIHvqOKtnqBduzTHpzpQZzAskKMhZ2K+EnBiSM9zGSoIFeMpXKxa4dYeZIQqewQ=="
    },
    "js-sha3": {
      "version": "0.8.0",
      "resolved": "https://registry.npmjs.org/js-sha3/-/js-sha3-0.8.0.tgz",
      "integrity": "sha512-gF1cRrHhIzNfToc802P800N8PpXS+evLLXfsVpowqmAFR9uwbi89WvXg2QspOmXL8QL86J4T1EpFu+yUkwJY3Q=="
    },
    "lodash.get": {
      "version": "4.4.2",
      "resolved": "https://registry.npmjs.org/lodash.get/-/lodash.get-4.4.2.tgz",
      "integrity": "sha1-LRd/ZS+jHpObRDjVNBSZ36OCXpk="
    },
    "lodash.isequal": {
      "version": "4.5.0",
      "resolved": "https://registry.npmjs.org/lodash.isequal/-/lodash.isequal-4.5.0.tgz",
      "integrity": "sha1-QVxEePK8wwEgwizhDtMib30+GOA="
    },
    "minimalistic-assert": {
      "version": "1.0.1",
      "resolved": "https://registry.npmjs.org/minimalistic-assert/-/minimalistic-assert-1.0.1.tgz",
      "integrity": "sha512-UtJcAD4yEaGtjPezWuO9wC4nwUnVH/8/Im3yEHQP4b67cXlD/Qr9hdITCU1xDbSEXg2XKNaP8jsReV7vQd00/A=="
    },
    "minimalistic-crypto-utils": {
      "version": "1.0.1",
      "resolved": "https://registry.npmjs.org/minimalistic-crypto-utils/-/minimalistic-crypto-utils-1.0.1.tgz",
      "integrity": "sha1-9sAMHAsIIkblxNmd+4x8CDsrWCo="
    },
    "ms": {
      "version": "2.1.2",
      "resolved": "https://registry.npmjs.org/ms/-/ms-2.1.2.tgz",
      "integrity": "sha512-sGkPx+VjMtmA6MX27oA4FBFELFCZZ4S4XqeGOXCv68tT+jb3vk/RyaKWP0PTKyWtmLSM0b+adUTEvbs1PEaH2w=="
    },
    "multibase": {
      "version": "3.1.1",
      "resolved": "https://registry.npmjs.org/multibase/-/multibase-3.1.1.tgz",
      "integrity": "sha512-kkSd8jWGznDNEC2eDwtnvSGlZeTeEt0+oHieNWUhv8rIi8JU3voIUo02HpJBNOtgmtxT2CPwkElub7Y9kz3nrw==",
      "requires": {
        "@multiformats/base-x": "^4.0.1",
        "web-encoding": "^1.0.6"
      }
    },
    "node-fetch": {
      "version": "2.6.1",
      "resolved": "https://registry.npmjs.org/node-fetch/-/node-fetch-2.6.1.tgz",
      "integrity": "sha512-V4aYg89jEoVRxRb2fJdAg8FHvI7cEyYdVAh94HH0UIK8oJxUfkjlDQN9RbMx+bEjP7+ggMiFRprSti032Oipxw=="
    },
    "regenerator-runtime": {
      "version": "0.13.7",
      "resolved": "https://registry.npmjs.org/regenerator-runtime/-/regenerator-runtime-0.13.7.tgz",
      "integrity": "sha512-a54FxoJDIr27pgf7IgeQGxmqUNYrcV338lf/6gH456HZ/PhX+5BcwHXG9ajESmwe6WRO0tAzRUrRmNONWgkrew=="
    },
    "uint8arrays": {
      "version": "2.1.2",
      "resolved": "https://registry.npmjs.org/uint8arrays/-/uint8arrays-2.1.2.tgz",
      "integrity": "sha512-/VcLZbPMs/dk23u22IZlPWycfBxntpwrvISHQs93/OdRlUTnQw9Uzmzaoq7DgJAZl1SlP/kw+NhbjFAEED42rQ==",
      "requires": {
        "multibase": "^3.0.0",
        "web-encoding": "^1.0.5"
      }
    },
    "validator": {
      "version": "12.2.0",
      "resolved": "https://registry.npmjs.org/validator/-/validator-12.2.0.tgz",
      "integrity": "sha512-jJfE/DW6tIK1Ek8nCfNFqt8Wb3nzMoAbocBF6/Icgg1ZFSBpObdnwVY2jQj6qUqzhx5jc71fpvBWyLGO7Xl+nQ=="
    },
    "web-encoding": {
      "version": "1.1.0",
      "resolved": "https://registry.npmjs.org/web-encoding/-/web-encoding-1.1.0.tgz",
      "integrity": "sha512-KzYonGdJnZB3qvhK8hKca5qXk/wp+hgwGNTY1TnqtF2CzDzpN8szOC3ejhX9+wbhCq3vQs/TjM8BykS1kor0lQ==",
      "requires": {
        "@zxing/text-encoding": "0.9.0"
      }
    },
    "z-schema": {
      "version": "5.0.0",
      "resolved": "https://registry.npmjs.org/z-schema/-/z-schema-5.0.0.tgz",
      "integrity": "sha512-58TxNEurHQEEgbrNbQnoUHXgh6tiplSvKb7D3o4K6KzICQk9vFyl8B0zycC/p3gW92qBZCmq5NJIhJODKrV7JQ==",
      "requires": {
        "commander": "^2.7.1",
        "lodash.get": "^4.4.2",
        "lodash.isequal": "^4.5.0",
        "validator": "^12.0.0"
      }
    }
  }
}
