# THIS IS AN AUTOGENERATED FILE. DO NOT EDIT THIS FILE DIRECTLY.
# yarn lockfile v1


ts-log@^2.2.5:
  version "2.2.5"
  resolved "https://registry.yarnpkg.com/ts-log/-/ts-log-2.2.5.tgz#aef3252f1143d11047e2cb6f7cfaac7408d96623"
  integrity sha512-PGcnJoTBnVGy6yYNFxWVNkdcAuAMstvutN9MgDJIV6L0oG8fB+ZNNy1T+wJzah8RPGor1mZuPQkVfXNDpy9eHA==
